
Microsoft Visual Studio Solution File, Format Version 12.00
# Visual Studio Version 17
VisualStudioVersion = 17.9.34728.123
MinimumVisualStudioVersion = 10.0.40219.1
Project("{8BC9CEB8-8B4A-11D0-8D11-00A0C91BC942}") = "图书馆管理系统", "图书馆管理系统\图书馆管理系统.vcxproj", "{B2326A11-8BB4-4EC3-9C08-67B2E9E56B2B}"
EndProject
Global
	GlobalSection(SolutionConfigurationPlatforms) = preSolution
		Debug|x64 = Debug|x64
		Debug|x86 = Debug|x86
		Release|x64 = Release|x64
		Release|x86 = Release|x86
	EndGlobalSection
	GlobalSection(ProjectConfigurationPlatforms) = postSolution
		{B2326A11-8BB4-4EC3-9C08-67B2E9E56B2B}.Debug|x64.ActiveCfg = Debug|x64
		{B2326A11-8BB4-4EC3-9C08-67B2E9E56B2B}.Debug|x64.Build.0 = Debug|x64
		{B2326A11-8BB4-4EC3-9C08-67B2E9E56B2B}.Debug|x86.ActiveCfg = Debug|Win32
		{B2326A11-8BB4-4EC3-9C08-67B2E9E56B2B}.Debug|x86.Build.0 = Debug|Win32
		{B2326A11-8BB4-4EC3-9C08-67B2E9E56B2B}.Release|x64.ActiveCfg = Release|x64
		{B2326A11-8BB4-4EC3-9C08-67B2E9E56B2B}.Release|x64.Build.0 = Release|x64
		{B2326A11-8BB4-4EC3-9C08-67B2E9E56B2B}.Release|x86.ActiveCfg = Release|Win32
		{B2326A11-8BB4-4EC3-9C08-67B2E9E56B2B}.Release|x86.Build.0 = Release|Win32
	EndGlobalSection
	GlobalSection(SolutionProperties) = preSolution
		HideSolutionNode = FALSE
	EndGlobalSection
	GlobalSection(ExtensibilityGlobals) = postSolution
		SolutionGuid = {52ECF61F-9A62-494D-A921-28A7C767F862}
	EndGlobalSection
EndGlobal
